{
  "name": "aief-next",
  "version": "0.1.0",
  "lockfileVersion": 3,
  "requires": true,
  "packages": {
    "": {
      "name": "aief-next",
      "version": "0.1.0",
      "license": "MIT",
      "bin": {
        "aief": "cli/bin/aief.js"
      },
      "engines": {
        "node": ">=18"
      }
    }
  }
}
